// !$*UTF8*$!
{
	archiveVersion = 1;
	classes = {
	};
	objectVersion = 50;
	objects = {

/* Begin PBXBuildFile section */
		7A43394322ABF6B400EF0D8E /* AppDelegate.m in Sources */ = {isa = PBXBuildFile; fileRef = 7A43394222ABF6B400EF0D8E /* AppDelegate.m */; };
		7A43394622ABF6B400EF0D8E /* ViewController.m in Sources */ = {isa = PBXBuildFile; fileRef = 7A43394522ABF6B400EF0D8E /* ViewController.m */; };
		7A43394922ABF6B400EF0D8E /* Main.storyboard in Resources */ = {isa = PBXBuildFile; fileRef = 7A43394722ABF6B400EF0D8E /* Main.storyboard */; };
		7A43394B22ABF6B600EF0D8E /* Assets.xcassets in Resources */ = {isa = PBXBuildFile; fileRef = 7A43394A22ABF6B600EF0D8E /* Assets.xcassets */; };
		7A43394E22ABF6B600EF0D8E /* LaunchScreen.storyboard in Resources */ = {isa = PBXBuildFile; fileRef = 7A43394C22ABF6B600EF0D8E /* LaunchScreen.storyboard */; };
		7A43395122ABF6B600EF0D8E /* main.m in Sources */ = {isa = PBXBuildFile; fileRef = 7A43395022ABF6B600EF0D8E /* main.m */; };
		CD1F48C6BD925EA7B03C4BE6 /* libPods-native.a in Frameworks */ = {isa = PBXBuildFile; fileRef = E33241893DC915437D6E0287 /* libPods-native.a */; };
		F83AA78722AE36DF00218576 /* FlutterBridge.m in Sources */ = {isa = PBXBuildFile; fileRef = F83AA78622AE36DF00218576 /* FlutterBridge.m */; };
/* End PBXBuildFile section */

/* Begin PBXFileReference section */
		10CD2A7DEE716699499BCF96 /* Pods-native.debug.xcconfig */ = {isa = PBXFileReference; includeInIndex = 1; lastKnownFileType = text.xcconfig; name = "Pods-native.debug.xcconfig"; path = "Target Support Files/Pods-native/Pods-native.debug.xcconfig"; sourceTree = "<group>"; };
		7A43393E22ABF6B400EF0D8E /* native.app */ = {isa = PBXFileReference; explicitFileType = wrapper.application; includeInIndex = 0; path = native.app; sourceTree = BUILT_PRODUCTS_DIR; };
		7A43394122ABF6B400EF0D8E /* AppDelegate.h */ = {isa = PBXFileReference; lastKnownFileType = sourcecode.c.h; path = AppDelegate.h; sourceTree = "<group>"; };
		7A43394222ABF6B400EF0D8E /* AppDelegate.m */ = {isa = PBXFileReference; lastKnownFileType = sourcecode.c.objc; path = AppDelegate.m; sourceTree = "<group>"; };
		7A43394422ABF6B400EF0D8E /* ViewController.h */ = {isa = PBXFileReference; lastKnownFileType = sourcecode.c.h; path = ViewController.h; sourceTree = "<group>"; };
		7A43394522ABF6B400EF0D8E /* ViewController.m */ = {isa = PBXFileReference; lastKnownFileType = sourcecode.c.objc; path = ViewController.m; sourceTree = "<group>"; };
		7A43394822ABF6B400EF0D8E /* Base */ = {isa = PBXFileReference; lastKnownFileType = file.storyboard; name = Base; path = Base.lproj/Main.storyboard; sourceTree = "<group>"; };
		7A43394A22ABF6B600EF0D8E /* Assets.xcassets */ = {isa = PBXFileReference; lastKnownFileType = folder.assetcatalog; path = Assets.xcassets; sourceTree = "<group>"; };
		7A43394D22ABF6B600EF0D8E /* Base */ = {isa = PBXFileReference; lastKnownFileType = file.storyboard; name = Base; path = Base.lproj/LaunchScreen.storyboard; sourceTree = "<group>"; };
		7A43394F22ABF6B600EF0D8E /* Info.plist */ = {isa = PBXFileReference; lastKnownFileType = text.plist.xml; path = Info.plist; sourceTree = "<group>"; };
		7A43395022ABF6B600EF0D8E /* main.m */ = {isa = PBXFileReference; lastKnownFileType = sourcecode.c.objc; path = main.m; sourceTree = "<group>"; };
		E33241893DC915437D6E0287 /* libPods-native.a */ = {isa = PBXFileReference; explicitFileType = archive.ar; includeInIndex = 0; path = "libPods-native.a"; sourceTree = BUILT_PRODUCTS_DIR; };
		F23875F3F1C20C4CD300F6E2 /* Pods-native.release.xcconfig */ = {isa = PBXFileReference; includeInIndex = 1; lastKnownFileType = text.xcconfig; name = "Pods-native.release.xcconfig"; path = "Target Support Files/Pods-native/Pods-native.release.xcconfig"; sourceTree = "<group>"; };
		F83AA78522AE36DF00218576 /* FlutterBridge.h */ = {isa = PBXFileReference; fileEncoding = 4; lastKnownFileType = sourcecode.c.h; name = FlutterBridge.h; path = ../../../flutter/example/ios/example/FlutterBridge.h; sourceTree = "<group>"; };
		F83AA78622AE36DF00218576 /* FlutterBridge.m */ = {isa = PBXFileReference; fileEncoding = 4; lastKnownFileType = sourcecode.c.objc; name = FlutterBridge.m; path = ../../../flutter/example/ios/example/FlutterBridge.m; sourceTree = "<group>"; };
/* End PBXFileReference section */

/* Begin PBXFrameworksBuildPhase section */
		7A43393B22ABF6B400EF0D8E /* Frameworks */ = {
			isa = PBXFrameworksBuildPhase;
			buildActionMask = 2147483647;
			files = (
				CD1F48C6BD925EA7B03C4BE6 /* libPods-native.a in Frameworks */,
			);
			runOnlyForDeploymentPostprocessing = 0;
		};
/* End PBXFrameworksBuildPhase section */

/* Begin PBXGroup section */
		7A43393522ABF6B400EF0D8E = {
			isa = PBXGroup;
			children = (
				7A43394022ABF6B400EF0D8E /* native */,
				7A43393F22ABF6B400EF0D8E /* Products */,
				7D93658BC766591D746F656B /* Pods */,
				A52CDCB9525034546A4A620A /* Frameworks */,
			);
			sourceTree = "<group>";
		};
		7A43393F22ABF6B400EF0D8E /* Products */ = {
			isa = PBXGroup;
			children = (
				7A43393E22ABF6B400EF0D8E /* native.app */,
			);
			name = Products;
			sourceTree = "<group>";
		};
		7A43394022ABF6B400EF0D8E /* native */ = {
			isa = PBXGroup;
			children = (
				7A43394122ABF6B400EF0D8E /* AppDelegate.h */,
				7A43394222ABF6B400EF0D8E /* AppDelegate.m */,
				7A43394422ABF6B400EF0D8E /* ViewController.h */,
				7A43394522ABF6B400EF0D8E /* ViewController.m */,
				F83AA78522AE36DF00218576 /* FlutterBridge.h */,
				F83AA78622AE36DF00218576 /* FlutterBridge.m */,
				7A43394722ABF6B400EF0D8E /* Main.storyboard */,
				7A43394A22ABF6B600EF0D8E /* Assets.xcassets */,
				7A43394C22ABF6B600EF0D8E /* LaunchScreen.storyboard */,
				7A43394F22ABF6B600EF0D8E /* Info.plist */,
				7A43395022ABF6B600EF0D8E /* main.m */,
			);
			path = native;
			sourceTree = "<group>";
		};
		7D93658BC766591D746F656B /* Pods */ = {
			isa = PBXGroup;
			children = (
				10CD2A7DEE716699499BCF96 /* Pods-native.debug.xcconfig */,
				F23875F3F1C20C4CD300F6E2 /* Pods-native.release.xcconfig */,
			);
			path = Pods;
			sourceTree = "<group>";
		};
		A52CDCB9525034546A4A620A /* Frameworks */ = {
			isa = PBXGroup;
			children = (
				E33241893DC915437D6E0287 /* libPods-native.a */,
			);
			name = Frameworks;
			sourceTree = "<group>";
		};
/* End PBXGroup section */

/* Begin PBXNativeTarget section */
		7A43393D22ABF6B400EF0D8E /* native */ = {
			isa = PBXNativeTarget;
			buildConfigurationList = 7A43395422ABF6B600EF0D8E /* Build configuration list for PBXNativeTarget "native" */;
			buildPhases = (
				AC7C7D1316CEFE247DE26AF8 /* [CP] Check Pods Manifest.lock */,
				7A43393A22ABF6B400EF0D8E /* Sources */,
				7A43393B22ABF6B400EF0D8E /* Frameworks */,
				7A43393C22ABF6B400EF0D8E /* Resources */,
				08C3322AE76D47B0BB190AB9 /* [CP] Embed Pods Frameworks */,
			);
			buildRules = (
			);
			dependencies = (
			);
			name = native;
			productName = native;
			productReference = 7A43393E22ABF6B400EF0D8E /* native.app */;
			productType = "com.apple.product-type.application";
		};
/* End PBXNativeTarget section */

/* Begin PBXProject section */
		7A43393622ABF6B400EF0D8E /* Project object */ = {
			isa = PBXProject;
			attributes = {
				LastUpgradeCheck = 1020;
				ORGANIZATIONNAME = JaminZhou;
				TargetAttributes = {
					7A43393D22ABF6B400EF0D8E = {
						CreatedOnToolsVersion = 10.2.1;
					};
				};
			};
			buildConfigurationList = 7A43393922ABF6B400EF0D8E /* Build configuration list for PBXProject "native" */;
			compatibilityVersion = "Xcode 9.3";
			developmentRegion = en;
			hasScannedForEncodings = 0;
			knownRegions = (
				en,
				Base,
			);
			mainGroup = 7A43393522ABF6B400EF0D8E;
			productRefGroup = 7A43393F22ABF6B400EF0D8E /* Products */;
			projectDirPath = "";
			projectRoot = "";
			targets = (
				7A43393D22ABF6B400EF0D8E /* native */,
			);
		};
/* End PBXProject section */

/* Begin PBXResourcesBuildPhase section */
		7A43393C22ABF6B400EF0D8E /* Resources */ = {
			isa = PBXResourcesBuildPhase;
			buildActionMask = 2147483647;
			files = (
				7A43394E22ABF6B600EF0D8E /* LaunchScreen.storyboard in Resources */,
				7A43394B22ABF6B600EF0D8E /* Assets.xcassets in Resources */,
				7A43394922ABF6B400EF0D8E /* Main.storyboard in Resources */,
			);
			runOnlyForDeploymentPostprocessing = 0;
		};
/* End PBXResourcesBuildPhase section */

/* Begin PBXShellScriptBuildPhase section */
		08C3322AE76D47B0BB190AB9 /* [CP] Embed Pods Frameworks */ = {
			isa = PBXShellScriptBuildPhase;
			buildActionMask = 2147483647;
			files = (
			);
			inputFileListPaths = (
				"${PODS_ROOT}/Target Support Files/Pods-native/Pods-native-frameworks-${CONFIGURATION}-input-files.xcfilelist",
			);
			name = "[CP] Embed Pods Frameworks";
			outputFileListPaths = (
				"${PODS_ROOT}/Target Support Files/Pods-native/Pods-native-frameworks-${CONFIGURATION}-output-files.xcfilelist",
			);
			runOnlyForDeploymentPostprocessing = 0;
			shellPath = /bin/sh;
			shellScript = "\"${PODS_ROOT}/Target Support Files/Pods-native/Pods-native-frameworks.sh\"\n";
			showEnvVarsInLog = 0;
		};
		AC7C7D1316CEFE247DE26AF8 /* [CP] Check Pods Manifest.lock */ = {
			isa = PBXShellScriptBuildPhase;
			buildActionMask = 2147483647;
			files = (
			);
			inputFileListPaths = (
			);
			inputPaths = (
				"${PODS_PODFILE_DIR_PATH}/Podfile.lock",
				"${PODS_ROOT}/Manifest.lock",
			);
			name = "[CP] Check Pods Manifest.lock";
			outputFileListPaths = (
			);
			outputPaths = (
				"$(DERIVED_FILE_DIR)/Pods-native-checkManifestLockResult.txt",
			);
			runOnlyForDeploymentPostprocessing = 0;
			shellPath = /bin/sh;
			shellScript = "diff \"${PODS_PODFILE_DIR_PATH}/Podfile.lock\" \"${PODS_ROOT}/Manifest.lock\" > /dev/null\nif [ $? != 0 ] ; then\n    # print error to STDERR\n    echo \"error: The sandbox is not in sync with the Podfile.lock. Run 'pod install' or update your CocoaPods installation.\" >&2\n    exit 1\nfi\n# This output is used by Xcode 'outputs' to avoid re-running this script phase.\necho \"SUCCESS\" > \"${SCRIPT_OUTPUT_FILE_0}\"\n";
			showEnvVarsInLog = 0;
		};
/* End PBXShellScriptBuildPhase section */

/* Begin PBXSourcesBuildPhase section */
		7A43393A22ABF6B400EF0D8E /* Sources */ = {
			isa = PBXSourcesBuildPhase;
			buildActionMask = 2147483647;
			files = (
				7A43394622ABF6B400EF0D8E /* ViewController.m in Sources */,
				F83AA78722AE36DF00218576 /* FlutterBridge.m in Sources */,
				7A43395122ABF6B600EF0D8E /* main.m in Sources */,
				7A43394322ABF6B400EF0D8E /* AppDelegate.m in Sources */,
			);
			runOnlyForDeploymentPostprocessing = 0;
		};
/* End PBXSourcesBuildPhase section */

/* Begin PBXVariantGroup section */
		7A43394722ABF6B400EF0D8E /* Main.storyboard */ = {
			isa = PBXVariantGroup;
			children = (
				7A43394822ABF6B400EF0D8E /* Base */,
			);
			name = Main.storyboard;
			sourceTree = "<group>";
		};
		7A43394C22ABF6B600EF0D8E /* LaunchScreen.storyboard */ = {
			isa = PBXVariantGroup;
			children = (
				7A43394D22ABF6B600EF0D8E /* Base */,
			);
			name = LaunchScreen.storyboard;
			sourceTree = "<group>";
		};
/* End PBXVariantGroup section */

/* Begin XCBuildConfiguration section */
		7A43395222ABF6B600EF0D8E /* Debug */ = {
			isa = XCBuildConfiguration;
			buildSettings = {
				ALWAYS_SEARCH_USER_PATHS = NO;
				CLANG_ANALYZER_NONNULL = YES;
				CLANG_ANALYZER_NUMBER_OBJECT_CONVERSION = YES_AGGRESSIVE;
				CLANG_CXX_LANGUAGE_STANDARD = "gnu++14";
				CLANG_CXX_LIBRARY = "libc++";
				CLANG_ENABLE_MODULES = YES;
				CLANG_ENABLE_OBJC_ARC = YES;
				CLANG_ENABLE_OBJC_WEAK = YES;
				CLANG_WARN_BLOCK_CAPTURE_AUTORELEASING = YES;
				CLANG_WARN_BOOL_CONVERSION = YES;
				CLANG_WARN_COMMA = YES;
				CLANG_WARN_CONSTANT_CONVERSION = YES;
				CLANG_WARN_DEPRECATED_OBJC_IMPLEMENTATIONS = YES;
				CLANG_WARN_DIRECT_OBJC_ISA_USAGE = YES_ERROR;
				CLANG_WARN_DOCUMENTATION_COMMENTS = YES;
				CLANG_WARN_EMPTY_BODY = YES;
				CLANG_WARN_ENUM_CONVERSION = YES;
				CLANG_WARN_INFINITE_RECURSION = YES;
				CLANG_WARN_INT_CONVERSION = YES;
				CLANG_WARN_NON_LITERAL_NULL_CONVERSION = YES;
				CLANG_WARN_OBJC_IMPLICIT_RETAIN_SELF = YES;
				CLANG_WARN_OBJC_LITERAL_CONVERSION = YES;
				CLANG_WARN_OBJC_ROOT_CLASS = YES_ERROR;
				CLANG_WARN_RANGE_LOOP_ANALYSIS = YES;
				CLANG_WARN_STRICT_PROTOTYPES = YES;
				CLANG_WARN_SUSPICIOUS_MOVE = YES;
				CLANG_WARN_UNGUARDED_AVAILABILITY = YES_AGGRESSIVE;
				CLANG_WARN_UNREACHABLE_CODE = YES;
				CLANG_WARN__DUPLICATE_METHOD_MATCH = YES;
				CODE_SIGN_IDENTITY = "iPhone Developer";
				COPY_PHASE_STRIP = NO;
				DEBUG_INFORMATION_FORMAT = dwarf;
				ENABLE_STRICT_OBJC_MSGSEND = YES;
				ENABLE_TESTABILITY = YES;
				GCC_C_LANGUAGE_STANDARD = gnu11;
				GCC_DYNAMIC_NO_PIC = NO;
				GCC_NO_COMMON_BLOCKS = YES;
				GCC_OPTIMIZATION_LEVEL = 0;
				GCC_PREPROCESSOR_DEFINITIONS = (
					"DEBUG=1",
					"$(inherited)",
				);
				GCC_WARN_64_TO_32_BIT_CONVERSION = YES;
				GCC_WARN_ABOUT_RETURN_TYPE = YES_ERROR;
				GCC_WARN_UNDECLARED_SELECTOR = YES;
				GCC_WARN_UNINITIALIZED_AUTOS = YES_AGGRESSIVE;
				GCC_WARN_UNUSED_FUNCTION = YES;
				GCC_WARN_UNUSED_VARIABLE = YES;
				IPHONEOS_DEPLOYMENT_TARGET = 12.2;
				MTL_ENABLE_DEBUG_INFO = INCLUDE_SOURCE;
				MTL_FAST_MATH = YES;
				ONLY_ACTIVE_ARCH = YES;
				SDKROOT = iphoneos;
			};
			name = Debug;
		};
		7A43395322ABF6B600EF0D8E /* Release */ = {
			isa = XCBuildConfiguration;
			buildSettings = {
				ALWAYS_SEARCH_USER_PATHS = NO;
				CLANG_ANALYZER_NONNULL = YES;
				CLANG_ANALYZER_NUMBER_OBJECT_CONVERSION = YES_AGGRESSIVE;
				CLANG_CXX_LANGUAGE_STANDARD = "gnu++14";
				CLANG_CXX_LIBRARY = "libc++";
				CLANG_ENABLE_MODULES = YES;
				CLANG_ENABLE_OBJC_ARC = YES;
				CLANG_ENABLE_OBJC_WEAK = YES;
				CLANG_WARN_BLOCK_CAPTURE_AUTORELEASING = YES;
				CLANG_WARN_BOOL_CONVERSION = YES;
				CLANG_WARN_COMMA = YES;
				CLANG_WARN_CONSTANT_CONVERSION = YES;
				CLANG_WARN_DEPRECATED_OBJC_IMPLEMENTATIONS = YES;
				CLANG_WARN_DIRECT_OBJC_ISA_USAGE = YES_ERROR;
				CLANG_WARN_DOCUMENTATION_COMMENTS = YES;
				CLANG_WARN_EMPTY_BODY = YES;
				CLANG_WARN_ENUM_CONVERSION = YES;
				CLANG_WARN_INFINITE_RECURSION = YES;
				CLANG_WARN_INT_CONVERSION = YES;
				CLANG_WARN_NON_LITERAL_NULL_CONVERSION = YES;
				CLANG_WARN_OBJC_IMPLICIT_RETAIN_SELF = YES;
				CLANG_WARN_OBJC_LITERAL_CONVERSION = YES;
				CLANG_WARN_OBJC_ROOT_CLASS = YES_ERROR;
				CLANG_WARN_RANGE_LOOP_ANALYSIS = YES;
				CLANG_WARN_STRICT_PROTOTYPES = YES;
				CLANG_WARN_SUSPICIOUS_MOVE = YES;
				CLANG_WARN_UNGUARDED_AVAILABILITY = YES_AGGRESSIVE;
				CLANG_WARN_UNREACHABLE_CODE = YES;
				CLANG_WARN__DUPLICATE_METHOD_MATCH = YES;
				CODE_SIGN_IDENTITY = "iPhone Developer";
				COPY_PHASE_STRIP = NO;
				DEBUG_INFORMATION_FORMAT = "dwarf-with-dsym";
				ENABLE_NS_ASSERTIONS = NO;
				ENABLE_STRICT_OBJC_MSGSEND = YES;
				GCC_C_LANGUAGE_STANDARD = gnu11;
				GCC_NO_COMMON_BLOCKS = YES;
				GCC_WARN_64_TO_32_BIT_CONVERSION = YES;
				GCC_WARN_ABOUT_RETURN_TYPE = YES_ERROR;
				GCC_WARN_UNDECLARED_SELECTOR = YES;
				GCC_WARN_UNINITIALIZED_AUTOS = YES_AGGRESSIVE;
				GCC_WARN_UNUSED_FUNCTION = YES;
				GCC_WARN_UNUSED_VARIABLE = YES;
				IPHONEOS_DEPLOYMENT_TARGET = 12.2;
				MTL_ENABLE_DEBUG_INFO = NO;
				MTL_FAST_MATH = YES;
				SDKROOT = iphoneos;
				VALIDATE_PRODUCT = YES;
			};
			name = Release;
		};
		7A43395522ABF6B600EF0D8E /* Debug */ = {
			isa = XCBuildConfiguration;
			baseConfigurationReference = 10CD2A7DEE716699499BCF96 /* Pods-native.debug.xcconfig */;
			buildSettings = {
				ASSETCATALOG_COMPILER_APPICON_NAME = AppIcon;
				CODE_SIGN_STYLE = Automatic;
				DEVELOPMENT_TEAM = NA4X3TYR2P;
				ENABLE_BITCODE = NO;
				INFOPLIST_FILE = native/Info.plist;
				IPHONEOS_DEPLOYMENT_TARGET = 9.0;
				LD_RUNPATH_SEARCH_PATHS = (
					"$(inherited)",
					"@executable_path/Frameworks",
				);
				PRODUCT_BUNDLE_IDENTIFIER = com.jaminzhou.native;
				PRODUCT_NAME = "$(TARGET_NAME)";
				TARGETED_DEVICE_FAMILY = "1,2";
			};
			name = Debug;
		};
		7A43395622ABF6B600EF0D8E /* Release */ = {
			isa = XCBuildConfiguration;
			baseConfigurationReference = F23875F3F1C20C4CD300F6E2 /* Pods-native.release.xcconfig */;
			buildSettings = {
				ASSETCATALOG_COMPILER_APPICON_NAME = AppIcon;
				CODE_SIGN_STYLE = Automatic;
				DEVELOPMENT_TEAM = NA4X3TYR2P;
				ENABLE_BITCODE = NO;
				INFOPLIST_FILE = native/Info.plist;
				IPHONEOS_DEPLOYMENT_TARGET = 9.0;
				LD_RUNPATH_SEARCH_PATHS = (
					"$(inherited)",
					"@executable_path/Frameworks",
				);
				PRODUCT_BUNDLE_IDENTIFIER = com.jaminzhou.native;
				PRODUCT_NAME = "$(TARGET_NAME)";
				TARGETED_DEVICE_FAMILY = "1,2";
			};
			name = Release;
		};
/* End XCBuildConfiguration section */

/* Begin XCConfigurationList section */
		7A43393922ABF6B400EF0D8E /* Build configuration list for PBXProject "native" */ = {
			isa = XCConfigurationList;
			buildConfigurations = (
				7A43395222ABF6B600EF0D8E /* Debug */,
				7A43395322ABF6B600EF0D8E /* Release */,
			);
			defaultConfigurationIsVisible = 0;
			defaultConfigurationName = Release;
		};
		7A43395422ABF6B600EF0D8E /* Build configuration list for PBXNativeTarget "native" */ = {
			isa = XCConfigurationList;
			buildConfigurations = (
				7A43395522ABF6B600EF0D8E /* Debug */,
				7A43395622ABF6B600EF0D8E /* Release */,
			);
			defaultConfigurationIsVisible = 0;
			defaultConfigurationName = Release;
		};
/* End XCConfigurationList section */
	};
	rootObject = 7A43393622ABF6B400EF0D8E /* Project object */;
}
